PODS:
  - Alamofire (5.4.3)
  - DoraemonKit (3.0.7):
    - DoraemonKit/Core (= 3.0.7)
  - DoraemonKit/Core (3.0.7):
    - FMDB
    - GCDWebServer
    - GCDWebServer/WebDAV
    - GCDWebServer/WebUploader
  - FMDB (2.7.5):
    - FMDB/standard (= 2.7.5)
  - FMDB/standard (2.7.5)
  - Frameworks_Swift (0.0.2):
    - Alamofire
    - DoraemonKit (~> 3.0.7)
    - Kingfisher
    - matrix-wechat
    - RxCocoa (~> 5)
    - RxSwift (~> 5)
    - SnapKit
  - GCDWebServer (3.5.4):
    - GCDWebServer/Core (= 3.5.4)
  - GCDWebServer/Core (3.5.4)
  - GCDWebServer/WebDAV (3.5.4):
    - GCDWebServer/Core
  - GCDWebServer/WebUploader (3.5.4):
    - GCDWebServer/Core
  - Kingfisher (6.3.0)
  - matrix-wechat (1.0.1):
    - matrix-wechat/matrixARC (= 1.0.1)
    - matrix-wechat/matrixNonARC1 (= 1.0.1)
    - matrix-wechat/matrixNonARC2 (= 1.0.1)
  - matrix-wechat/matrixARC (1.0.1):
    - matrix-wechat/matrixNonARC1
  - matrix-wechat/matrixNonARC1 (1.0.1)
  - matrix-wechat/matrixNonARC2 (1.0.1):
    - matrix-wechat/matrixARC
  - PINCache (3.0.3):
    - PINCache/Arc-exception-safe (= 3.0.3)
    - PINCache/Core (= 3.0.3)
  - PINCache/Arc-exception-safe (3.0.3):
    - PINCache/Core
  - PINCache/Core (3.0.3):
    - PINOperation (~> 1.2.1)
  - PINOperation (1.2.1)
  - PINRemoteImage/Core (3.0.3):
    - PINOperation
  - PINRemoteImage/iOS (3.0.3):
    - PINRemoteImage/Core
  - PINRemoteImage/PINCache (3.0.3):
    - PINCache (~> 3.0.3)
    - PINRemoteImage/Core
  - RxCocoa (5.1.1):
    - RxRelay (~> 5)
    - RxSwift (~> 5)
  - RxRelay (5.1.1):
    - RxSwift (~> 5)
  - RxSwift (5.1.2)
  - SnapKit (5.0.1)
  - SwiftyJSON (5.0.1)
  - Texture (3.0.0):
    - Texture/AssetsLibrary (= 3.0.0)
    - Texture/Core (= 3.0.0)
    - Texture/MapKit (= 3.0.0)
    - Texture/Photos (= 3.0.0)
    - Texture/PINRemoteImage (= 3.0.0)
    - Texture/Video (= 3.0.0)
  - Texture/AssetsLibrary (3.0.0):
    - Texture/Core
  - Texture/Core (3.0.0)
  - Texture/MapKit (3.0.0):
    - Texture/Core
  - Texture/Photos (3.0.0):
    - Texture/Core
  - Texture/PINRemoteImage (3.0.0):
    - PINRemoteImage/iOS (~> 3.0.0)
    - PINRemoteImage/PINCache
    - Texture/Core
  - Texture/Video (3.0.0):
    - Texture/Core

DEPENDENCIES:
  - Frameworks_Swift (from `../`)
  - SwiftyJSON
  - Texture

SPEC REPOS:
  trunk:
    - Alamofire
    - DoraemonKit
    - FMDB
    - GCDWebServer
    - Kingfisher
    - matrix-wechat
    - PINCache
    - PINOperation
    - PINRemoteImage
    - RxCocoa
    - RxRelay
    - RxSwift
    - SnapKit
    - SwiftyJSON
    - Texture

EXTERNAL SOURCES:
  Frameworks_Swift:
    :path: "../"

SPEC CHECKSUMS:
  Alamofire: e447a2774a40c996748296fa2c55112fdbbc42f9
  DoraemonKit: 32fb97f3aa82efa133111d193080ca5462cef135
  FMDB: 2ce00b547f966261cd18927a3ddb07cb6f3db82a
  Frameworks_Swift: 47a82830ddeb8b9bfb2e163a05a64fc965d70efb
  GCDWebServer: 2c156a56c8226e2d5c0c3f208a3621ccffbe3ce4
  Kingfisher: 6c3df386db71d82c0817a429d2c9421a77396529
  matrix-wechat: db0ef2c0bfe982aa9c2c42aa409c48724bedc507
  PINCache: 7a8fc1a691173d21dbddbf86cd515de6efa55086
  PINOperation: 00c935935f1e8cf0d1e2d6b542e75b88fc3e5e20
  PINRemoteImage: f1295b29f8c5e640e25335a1b2bd9d805171bd01
  RxCocoa: 32065309a38d29b5b0db858819b5bf9ef038b601
  RxRelay: d77f7d771495f43c556cbc43eebd1bb54d01e8e9
  RxSwift: 1e2e1f9570186967f617e49128ed26ccf1bafc8e
  SnapKit: 97b92857e3df3a0c71833cce143274bf6ef8e5eb
  SwiftyJSON: 2f33a42c6fbc52764d96f13368585094bfd8aa5e
  Texture: 2f109e937850d94d1d07232041c9c7313ccddb81

PODFILE CHECKSUM: 068466456d2ca89682d2d2f9d5b507ddc8aa99ac

COCOAPODS: 1.10.1
