PODS:
  - Alamofire (4.8.2)
  - Frameworks_Swift (0.1.0):
    - Alamofire
    - Kingfisher
    - matrix-wechat
    - RxCocoa (~> 5)
    - RxSwift (~> 5)
    - SnapKit
    - SwiftLint
  - Kingfisher (4.10.1)
  - matrix-wechat (0.5.1):
    - matrix-wechat/matrixARC (= 0.5.1)
    - matrix-wechat/matrixNonARC1 (= 0.5.1)
    - matrix-wechat/matrixNonARC2 (= 0.5.1)
  - matrix-wechat/matrixARC (0.5.1):
    - matrix-wechat/matrixNonARC1
  - matrix-wechat/matrixNonARC1 (0.5.1)
  - matrix-wechat/matrixNonARC2 (0.5.1):
    - matrix-wechat/matrixARC
  - PINCache (3.0.1-beta.6):
    - PINCache/Arc-exception-safe (= 3.0.1-beta.6)
    - PINCache/Core (= 3.0.1-beta.6)
  - PINCache/Arc-exception-safe (3.0.1-beta.6):
    - PINCache/Core
  - PINCache/Core (3.0.1-beta.6):
    - PINOperation (~> 1.1.0)
  - PINOperation (1.1.1)
  - PINRemoteImage/Core (3.0.0-beta.13):
    - PINOperation
  - PINRemoteImage/iOS (3.0.0-beta.13):
    - PINRemoteImage/Core
  - PINRemoteImage/PINCache (3.0.0-beta.13):
    - PINCache (= 3.0.1-beta.6)
    - PINRemoteImage/Core
  - RxCocoa (5.0.0):
    - RxRelay (~> 5)
    - RxSwift (~> 5)
  - RxRelay (5.0.0):
    - RxSwift (~> 5)
  - RxSwift (5.0.0)
  - SnapKit (4.2.0)
  - SwiftLint (0.33.0)
  - SwiftyJSON (5.0.0)
  - Texture (2.8.1):
    - Texture/AssetsLibrary (= 2.8.1)
    - Texture/Core (= 2.8.1)
    - Texture/MapKit (= 2.8.1)
    - Texture/Photos (= 2.8.1)
    - Texture/PINRemoteImage (= 2.8.1)
    - Texture/Video (= 2.8.1)
  - Texture/AssetsLibrary (2.8.1):
    - Texture/Core
  - Texture/Core (2.8.1)
  - Texture/MapKit (2.8.1):
    - Texture/Core
  - Texture/Photos (2.8.1):
    - Texture/Core
  - Texture/PINRemoteImage (2.8.1):
    - PINRemoteImage/iOS (= 3.0.0-beta.13)
    - PINRemoteImage/PINCache
    - Texture/Core
  - Texture/Video (2.8.1):
    - Texture/Core

DEPENDENCIES:
  - Frameworks_Swift (from `../`)
  - SwiftyJSON
  - Texture

SPEC REPOS:
  https://github.com/cocoapods/specs.git:
    - Alamofire
    - Kingfisher
    - matrix-wechat
    - PINCache
    - PINOperation
    - PINRemoteImage
    - RxCocoa
    - RxRelay
    - RxSwift
    - SnapKit
    - SwiftLint
    - SwiftyJSON
    - Texture

EXTERNAL SOURCES:
  Frameworks_Swift:
    :path: "../"

SPEC CHECKSUMS:
  Alamofire: ae5c501addb7afdbb13687d7f2f722c78734c2d3
  Frameworks_Swift: 037783e9680add5beeab2120dd3fefcb2c66c2d9
  Kingfisher: c148cd7b47ebde9989f6bc7c27dcaa79d81279a0
  matrix-wechat: 87e227259bb07bd56b76c0f7f1081bf9593b1eec
  PINCache: d195fdba255283f7e9900a55e3cced377f431f9b
  PINOperation: a6219e6fc9db9c269eb7a7b871ac193bcf400aac
  PINRemoteImage: d6d51c5d2adda55f1ce30c96e850b6c4ebd2856a
  RxCocoa: fcf32050ac00d801f34a7f71d5e8e7f23026dcd8
  RxRelay: 4f7409406a51a55cd88483f21ed898c234d60f18
  RxSwift: 8b0671caa829a763bbce7271095859121cbd895f
  SnapKit: fe8a619752f3f27075cc9a90244d75c6c3f27e2a
  SwiftLint: fed9c66336e41fc74dc48a73678380718f0c8b0e
  SwiftyJSON: 36413e04c44ee145039d332b4f4e2d3e8d6c4db7
  Texture: 8ecf6984065a1e54f06bf97b349ecca28582acd7

PODFILE CHECKSUM: 67d120694cfa9167f874c4ab87b540556fa7f5f8

COCOAPODS: 1.6.2
