PODS:
  - Alamofire (5.4.4)
  - Charts (3.6.0):
    - Charts/Core (= 3.6.0)
  - Charts/Core (3.6.0)
  - DoraemonKit (3.1.3):
    - DoraemonKit/Core (= 3.1.3)
  - DoraemonKit/Core (3.1.3):
    - FMDB
    - GCDWebServer
    - GCDWebServer/WebDAV
    - GCDWebServer/WebUploader
  - FMDB (2.7.5):
    - FMDB/standard (= 2.7.5)
  - FMDB/standard (2.7.5)
  - Frameworks_Swift (0.1.0):
    - Frameworks_Swift/Components (= 0.1.0)
    - Frameworks_Swift/Core (= 0.1.0)
    - Frameworks_Swift/Debug (= 0.1.0)
    - Frameworks_Swift/Image (= 0.1.0)
    - Frameworks_Swift/NetWork (= 0.1.0)
    - Frameworks_Swift/Profile (= 0.1.0)
  - Frameworks_Swift/Components (0.1.0):
    - Charts (~> 3.6.0)
    - Frameworks_Swift/Core
    - SnapKit (~> 5.6.0)
  - Frameworks_Swift/Core (0.1.0):
    - RxCocoa (~> 6.2.0)
    - RxSwift (~> 6.2.0)
  - Frameworks_Swift/Debug (0.1.0):
    - DoraemonKit (~> 3.1.0)
    - SwiftLint (~> 0.44.0)
  - Frameworks_Swift/Image (0.1.0):
    - Frameworks_Swift/Core
    - Kingfisher (~> 6.3.1)
  - Frameworks_Swift/NetWork (0.1.0):
    - Alamofire (~> 5.4.3)
    - Frameworks_Swift/Core
    - Moya (~> 15.0.0)
    - SwiftyJSON (~> 5.0.1)
  - Frameworks_Swift/Profile (0.1.0):
    - matrix-wechat (~> 1.0.1)
  - GCDWebServer (3.5.4):
    - GCDWebServer/Core (= 3.5.4)
  - GCDWebServer/Core (3.5.4)
  - GCDWebServer/WebDAV (3.5.4):
    - GCDWebServer/Core
  - GCDWebServer/WebUploader (3.5.4):
    - GCDWebServer/Core
  - Kingfisher (6.3.1)
  - matrix-wechat (1.0.1):
    - matrix-wechat/matrixARC (= 1.0.1)
    - matrix-wechat/matrixNonARC1 (= 1.0.1)
    - matrix-wechat/matrixNonARC2 (= 1.0.1)
  - matrix-wechat/matrixARC (1.0.1):
    - matrix-wechat/matrixNonARC1
  - matrix-wechat/matrixNonARC1 (1.0.1)
  - matrix-wechat/matrixNonARC2 (1.0.1):
    - matrix-wechat/matrixARC
  - Moya (15.0.0):
    - Moya/Core (= 15.0.0)
  - Moya/Core (15.0.0):
    - Alamofire (~> 5.0)
  - RxCocoa (6.2.0):
    - RxRelay (= 6.2.0)
    - RxSwift (= 6.2.0)
  - RxRelay (6.2.0):
    - RxSwift (= 6.2.0)
  - RxSwift (6.2.0)
  - SnapKit (5.6.0)
  - SwiftLint (0.44.0)
  - SwiftyJSON (5.0.1)

DEPENDENCIES:
  - Frameworks_Swift (from `../`)

SPEC REPOS:
  trunk:
    - Alamofire
    - Charts
    - DoraemonKit
    - FMDB
    - GCDWebServer
    - Kingfisher
    - matrix-wechat
    - Moya
    - RxCocoa
    - RxRelay
    - RxSwift
    - SnapKit
    - SwiftLint
    - SwiftyJSON

EXTERNAL SOURCES:
  Frameworks_Swift:
    :path: "../"

SPEC CHECKSUMS:
  Alamofire: f3b09a368f1582ab751b3fff5460276e0d2cf5c9
  Charts: b1e3a1f5a1c9ba5394438ca3b91bd8c9076310af
  DoraemonKit: 7448814a80d9ca56bc8db9105c464b7ec2e62623
  FMDB: 2ce00b547f966261cd18927a3ddb07cb6f3db82a
  Frameworks_Swift: 07e6a4b280607ccbd6cf21bc68f3d91f9a58e8b6
  GCDWebServer: 2c156a56c8226e2d5c0c3f208a3621ccffbe3ce4
  Kingfisher: 016c8b653a35add51dd34a3aba36b580041acc74
  matrix-wechat: db0ef2c0bfe982aa9c2c42aa409c48724bedc507
  Moya: 138f0573e53411fb3dc17016add0b748dfbd78ee
  RxCocoa: 4baf94bb35f2c0ab31bc0cb9f1900155f646ba42
  RxRelay: e72dbfd157807478401ef1982e1c61c945c94b2f
  RxSwift: d356ab7bee873611322f134c5f9ef379fa183d8f
  SnapKit: e01d52ebb8ddbc333eefe2132acf85c8227d9c25
  SwiftLint: e96c0a8c770c7ebbc4d36c55baf9096bb65c4584
  SwiftyJSON: 2f33a42c6fbc52764d96f13368585094bfd8aa5e

PODFILE CHECKSUM: 91e2d46180715b3d3b80e87a82ebc24e843732d7

COCOAPODS: 1.11.2
